
Microsoft Visual Studio Solution File, Format Version 12.00
# Visual Studio Version 16
VisualStudioVersion = 16.0.31313.79
MinimumVisualStudioVersion = 10.0.40219.1
Project("{FAE04EC0-301F-11D3-BF4B-00C04F79EFBC}") = "WebApp5.0", "WebApp5.0\WebApp5.0.csproj", "{341356B5-97DB-47EE-A1A1-14843E252A9C}"
EndProject
Global
	GlobalSection(SolutionConfigurationPlatforms) = preSolution
		Debug|Any CPU = Debug|Any CPU
		Release|Any CPU = Release|Any CPU
	EndGlobalSection
	GlobalSection(ProjectConfigurationPlatforms) = postSolution
		{341356B5-97DB-47EE-A1A1-14843E252A9C}.Debug|Any CPU.ActiveCfg = Debug|Any CPU
		{341356B5-97DB-47EE-A1A1-14843E252A9C}.Debug|Any CPU.Build.0 = Debug|Any CPU
		{341356B5-97DB-47EE-A1A1-14843E252A9C}.Release|Any CPU.ActiveCfg = Release|Any CPU
		{341356B5-97DB-47EE-A1A1-14843E252A9C}.Release|Any CPU.Build.0 = Release|Any CPU
	EndGlobalSection
	GlobalSection(SolutionProperties) = preSolution
		HideSolutionNode = FALSE
	EndGlobalSection
	GlobalSection(ExtensibilityGlobals) = postSolution
		SolutionGuid = {64970690-6EB1-49F0-9C2C-DCBE64E4A522}
	EndGlobalSection
EndGlobal
